// !$*UTF8*$!
{
	archiveVersion = 1;
	classes = {
	};
	objectVersion = 48;
	objects = {

/* Begin PBXBuildFile section */
		7904EDCC25D76D6B0037BAE2 /* AppDelegate.swift in Sources */ = {isa = PBXBuildFile; fileRef = 7904EDCB25D76D6B0037BAE2 /* AppDelegate.swift */; };
		7904EDCE25D76D6B0037BAE2 /* LoginVC.swift in Sources */ = {isa = PBXBuildFile; fileRef = 7904EDCD25D76D6B0037BAE2 /* LoginVC.swift */; };
		7904EDD125D76D6B0037BAE2 /* Main.storyboard in Resources */ = {isa = PBXBuildFile; fileRef = 7904EDCF25D76D6B0037BAE2 /* Main.storyboard */; };
		7904EDD325D76D6B0037BAE2 /* Assets.xcassets in Resources */ = {isa = PBXBuildFile; fileRef = 7904EDD225D76D6B0037BAE2 /* Assets.xcassets */; };
		7904EDD625D76D6B0037BAE2 /* LaunchScreen.storyboard in Resources */ = {isa = PBXBuildFile; fileRef = 7904EDD425D76D6B0037BAE2 /* LaunchScreen.storyboard */; };
		7904EDE125D76D6B0037BAE2 /* DemoFeb13Tests.swift in Sources */ = {isa = PBXBuildFile; fileRef = 7904EDE025D76D6B0037BAE2 /* DemoFeb13Tests.swift */; };
		7904EDEC25D76D6B0037BAE2 /* DemoFeb13UITests.swift in Sources */ = {isa = PBXBuildFile; fileRef = 7904EDEB25D76D6B0037BAE2 /* DemoFeb13UITests.swift */; };
		79CBEBF825E0AA340089E5CC /* SignUpVC.swift in Sources */ = {isa = PBXBuildFile; fileRef = 79CBEBF725E0AA340089E5CC /* SignUpVC.swift */; };
		79CBEBFB25E0B6EC0089E5CC /* Constants.swift in Sources */ = {isa = PBXBuildFile; fileRef = 79CBEBFA25E0B6EC0089E5CC /* Constants.swift */; };
/* End PBXBuildFile section */

/* Begin PBXContainerItemProxy section */
		7904EDDD25D76D6B0037BAE2 /* PBXContainerItemProxy */ = {
			isa = PBXContainerItemProxy;
			containerPortal = 7904EDC025D76D6B0037BAE2 /* Project object */;
			proxyType = 1;
			remoteGlobalIDString = 7904EDC725D76D6B0037BAE2;
			remoteInfo = DemoFeb13;
		};
		7904EDE825D76D6B0037BAE2 /* PBXContainerItemProxy */ = {
			isa = PBXContainerItemProxy;
			containerPortal = 7904EDC025D76D6B0037BAE2 /* Project object */;
			proxyType = 1;
			remoteGlobalIDString = 7904EDC725D76D6B0037BAE2;
			remoteInfo = DemoFeb13;
		};
/* End PBXContainerItemProxy section */

/* Begin PBXFileReference section */
		7904EDC825D76D6B0037BAE2 /* DemoFeb13.app */ = {isa = PBXFileReference; explicitFileType = wrapper.application; includeInIndex = 0; path = DemoFeb13.app; sourceTree = BUILT_PRODUCTS_DIR; };
		7904EDCB25D76D6B0037BAE2 /* AppDelegate.swift */ = {isa = PBXFileReference; lastKnownFileType = sourcecode.swift; path = AppDelegate.swift; sourceTree = "<group>"; };
		7904EDCD25D76D6B0037BAE2 /* LoginVC.swift */ = {isa = PBXFileReference; lastKnownFileType = sourcecode.swift; path = LoginVC.swift; sourceTree = "<group>"; };
		7904EDD025D76D6B0037BAE2 /* Base */ = {isa = PBXFileReference; lastKnownFileType = file.storyboard; name = Base; path = Base.lproj/Main.storyboard; sourceTree = "<group>"; };
		7904EDD225D76D6B0037BAE2 /* Assets.xcassets */ = {isa = PBXFileReference; lastKnownFileType = folder.assetcatalog; path = Assets.xcassets; sourceTree = "<group>"; };
		7904EDD525D76D6B0037BAE2 /* Base */ = {isa = PBXFileReference; lastKnownFileType = file.storyboard; name = Base; path = Base.lproj/LaunchScreen.storyboard; sourceTree = "<group>"; };
		7904EDD725D76D6B0037BAE2 /* Info.plist */ = {isa = PBXFileReference; lastKnownFileType = text.plist.xml; path = Info.plist; sourceTree = "<group>"; };
		7904EDDC25D76D6B0037BAE2 /* DemoFeb13Tests.xctest */ = {isa = PBXFileReference; explicitFileType = wrapper.cfbundle; includeInIndex = 0; path = DemoFeb13Tests.xctest; sourceTree = BUILT_PRODUCTS_DIR; };
		7904EDE025D76D6B0037BAE2 /* DemoFeb13Tests.swift */ = {isa = PBXFileReference; lastKnownFileType = sourcecode.swift; path = DemoFeb13Tests.swift; sourceTree = "<group>"; };
		7904EDE225D76D6B0037BAE2 /* Info.plist */ = {isa = PBXFileReference; lastKnownFileType = text.plist.xml; path = Info.plist; sourceTree = "<group>"; };
		7904EDE725D76D6B0037BAE2 /* DemoFeb13UITests.xctest */ = {isa = PBXFileReference; explicitFileType = wrapper.cfbundle; includeInIndex = 0; path = DemoFeb13UITests.xctest; sourceTree = BUILT_PRODUCTS_DIR; };
		7904EDEB25D76D6B0037BAE2 /* DemoFeb13UITests.swift */ = {isa = PBXFileReference; lastKnownFileType = sourcecode.swift; path = DemoFeb13UITests.swift; sourceTree = "<group>"; };
		7904EDED25D76D6B0037BAE2 /* Info.plist */ = {isa = PBXFileReference; lastKnownFileType = text.plist.xml; path = Info.plist; sourceTree = "<group>"; };
		79CBEBF725E0AA340089E5CC /* SignUpVC.swift */ = {isa = PBXFileReference; lastKnownFileType = sourcecode.swift; path = SignUpVC.swift; sourceTree = "<group>"; };
		79CBEBFA25E0B6EC0089E5CC /* Constants.swift */ = {isa = PBXFileReference; lastKnownFileType = sourcecode.swift; path = Constants.swift; sourceTree = "<group>"; };
/* End PBXFileReference section */

/* Begin PBXFrameworksBuildPhase section */
		7904EDC525D76D6B0037BAE2 /* Frameworks */ = {
			isa = PBXFrameworksBuildPhase;
			buildActionMask = 2147483647;
			files = (
			);
			runOnlyForDeploymentPostprocessing = 0;
		};
		7904EDD925D76D6B0037BAE2 /* Frameworks */ = {
			isa = PBXFrameworksBuildPhase;
			buildActionMask = 2147483647;
			files = (
			);
			runOnlyForDeploymentPostprocessing = 0;
		};
		7904EDE425D76D6B0037BAE2 /* Frameworks */ = {
			isa = PBXFrameworksBuildPhase;
			buildActionMask = 2147483647;
			files = (
			);
			runOnlyForDeploymentPostprocessing = 0;
		};
/* End PBXFrameworksBuildPhase section */

/* Begin PBXGroup section */
		7904EDBF25D76D6B0037BAE2 = {
			isa = PBXGroup;
			children = (
				79CBEBF925E0B6D00089E5CC /* Util */,
				791181C625D7708800755C58 /* Storyboard */,
				791181C525D7705A00755C58 /* ViewController */,
				7904EDCA25D76D6B0037BAE2 /* DemoFeb13 */,
				7904EDDF25D76D6B0037BAE2 /* DemoFeb13Tests */,
				7904EDEA25D76D6B0037BAE2 /* DemoFeb13UITests */,
				7904EDC925D76D6B0037BAE2 /* Products */,
			);
			sourceTree = "<group>";
		};
		7904EDC925D76D6B0037BAE2 /* Products */ = {
			isa = PBXGroup;
			children = (
				7904EDC825D76D6B0037BAE2 /* DemoFeb13.app */,
				7904EDDC25D76D6B0037BAE2 /* DemoFeb13Tests.xctest */,
				7904EDE725D76D6B0037BAE2 /* DemoFeb13UITests.xctest */,
			);
			name = Products;
			sourceTree = "<group>";
		};
		7904EDCA25D76D6B0037BAE2 /* DemoFeb13 */ = {
			isa = PBXGroup;
			children = (
				7904EDCB25D76D6B0037BAE2 /* AppDelegate.swift */,
				7904EDD225D76D6B0037BAE2 /* Assets.xcassets */,
				7904EDD425D76D6B0037BAE2 /* LaunchScreen.storyboard */,
				7904EDD725D76D6B0037BAE2 /* Info.plist */,
			);
			path = DemoFeb13;
			sourceTree = "<group>";
		};
		7904EDDF25D76D6B0037BAE2 /* DemoFeb13Tests */ = {
			isa = PBXGroup;
			children = (
				7904EDE025D76D6B0037BAE2 /* DemoFeb13Tests.swift */,
				7904EDE225D76D6B0037BAE2 /* Info.plist */,
			);
			path = DemoFeb13Tests;
			sourceTree = "<group>";
		};
		7904EDEA25D76D6B0037BAE2 /* DemoFeb13UITests */ = {
			isa = PBXGroup;
			children = (
				7904EDEB25D76D6B0037BAE2 /* DemoFeb13UITests.swift */,
				7904EDED25D76D6B0037BAE2 /* Info.plist */,
			);
			path = DemoFeb13UITests;
			sourceTree = "<group>";
		};
		791181C525D7705A00755C58 /* ViewController */ = {
			isa = PBXGroup;
			children = (
				7904EDCD25D76D6B0037BAE2 /* LoginVC.swift */,
				79CBEBF725E0AA340089E5CC /* SignUpVC.swift */,
			);
			path = ViewController;
			sourceTree = "<group>";
		};
		791181C625D7708800755C58 /* Storyboard */ = {
			isa = PBXGroup;
			children = (
				7904EDCF25D76D6B0037BAE2 /* Main.storyboard */,
			);
			path = Storyboard;
			sourceTree = "<group>";
		};
		79CBEBF925E0B6D00089E5CC /* Util */ = {
			isa = PBXGroup;
			children = (
				79CBEBFA25E0B6EC0089E5CC /* Constants.swift */,
			);
			path = Util;
			sourceTree = "<group>";
		};
/* End PBXGroup section */

/* Begin PBXNativeTarget section */
		7904EDC725D76D6B0037BAE2 /* DemoFeb13 */ = {
			isa = PBXNativeTarget;
			buildConfigurationList = 7904EDF025D76D6B0037BAE2 /* Build configuration list for PBXNativeTarget "DemoFeb13" */;
			buildPhases = (
				7904EDC425D76D6B0037BAE2 /* Sources */,
				7904EDC525D76D6B0037BAE2 /* Frameworks */,
				7904EDC625D76D6B0037BAE2 /* Resources */,
			);
			buildRules = (
			);
			dependencies = (
			);
			name = DemoFeb13;
			productName = DemoFeb13;
			productReference = 7904EDC825D76D6B0037BAE2 /* DemoFeb13.app */;
			productType = "com.apple.product-type.application";
		};
		7904EDDB25D76D6B0037BAE2 /* DemoFeb13Tests */ = {
			isa = PBXNativeTarget;
			buildConfigurationList = 7904EDF325D76D6B0037BAE2 /* Build configuration list for PBXNativeTarget "DemoFeb13Tests" */;
			buildPhases = (
				7904EDD825D76D6B0037BAE2 /* Sources */,
				7904EDD925D76D6B0037BAE2 /* Frameworks */,
				7904EDDA25D76D6B0037BAE2 /* Resources */,
			);
			buildRules = (
			);
			dependencies = (
				7904EDDE25D76D6B0037BAE2 /* PBXTargetDependency */,
			);
			name = DemoFeb13Tests;
			productName = DemoFeb13Tests;
			productReference = 7904EDDC25D76D6B0037BAE2 /* DemoFeb13Tests.xctest */;
			productType = "com.apple.product-type.bundle.unit-test";
		};
		7904EDE625D76D6B0037BAE2 /* DemoFeb13UITests */ = {
			isa = PBXNativeTarget;
			buildConfigurationList = 7904EDF625D76D6B0037BAE2 /* Build configuration list for PBXNativeTarget "DemoFeb13UITests" */;
			buildPhases = (
				7904EDE325D76D6B0037BAE2 /* Sources */,
				7904EDE425D76D6B0037BAE2 /* Frameworks */,
				7904EDE525D76D6B0037BAE2 /* Resources */,
			);
			buildRules = (
			);
			dependencies = (
				7904EDE925D76D6B0037BAE2 /* PBXTargetDependency */,
			);
			name = DemoFeb13UITests;
			productName = DemoFeb13UITests;
			productReference = 7904EDE725D76D6B0037BAE2 /* DemoFeb13UITests.xctest */;
			productType = "com.apple.product-type.bundle.ui-testing";
		};
/* End PBXNativeTarget section */

/* Begin PBXProject section */
		7904EDC025D76D6B0037BAE2 /* Project object */ = {
			isa = PBXProject;
			attributes = {
				LastSwiftUpdateCheck = 0910;
				LastUpgradeCheck = 0910;
				ORGANIZATIONNAME = NAMI;
				TargetAttributes = {
					7904EDC725D76D6B0037BAE2 = {
						CreatedOnToolsVersion = 9.1;
						ProvisioningStyle = Automatic;
					};
					7904EDDB25D76D6B0037BAE2 = {
						CreatedOnToolsVersion = 9.1;
						ProvisioningStyle = Automatic;
						TestTargetID = 7904EDC725D76D6B0037BAE2;
					};
					7904EDE625D76D6B0037BAE2 = {
						CreatedOnToolsVersion = 9.1;
						ProvisioningStyle = Automatic;
						TestTargetID = 7904EDC725D76D6B0037BAE2;
					};
				};
			};
			buildConfigurationList = 7904EDC325D76D6B0037BAE2 /* Build configuration list for PBXProject "DemoFeb13" */;
			compatibilityVersion = "Xcode 8.0";
			developmentRegion = en;
			hasScannedForEncodings = 0;
			knownRegions = (
				en,
				Base,
			);
			mainGroup = 7904EDBF25D76D6B0037BAE2;
			productRefGroup = 7904EDC925D76D6B0037BAE2 /* Products */;
			projectDirPath = "";
			projectRoot = "";
			targets = (
				7904EDC725D76D6B0037BAE2 /* DemoFeb13 */,
				7904EDDB25D76D6B0037BAE2 /* DemoFeb13Tests */,
				7904EDE625D76D6B0037BAE2 /* DemoFeb13UITests */,
			);
		};
/* End PBXProject section */

/* Begin PBXResourcesBuildPhase section */
		7904EDC625D76D6B0037BAE2 /* Resources */ = {
			isa = PBXResourcesBuildPhase;
			buildActionMask = 2147483647;
			files = (
				7904EDD625D76D6B0037BAE2 /* LaunchScreen.storyboard in Resources */,
				7904EDD325D76D6B0037BAE2 /* Assets.xcassets in Resources */,
				7904EDD125D76D6B0037BAE2 /* Main.storyboard in Resources */,
			);
			runOnlyForDeploymentPostprocessing = 0;
		};
		7904EDDA25D76D6B0037BAE2 /* Resources */ = {
			isa = PBXResourcesBuildPhase;
			buildActionMask = 2147483647;
			files = (
			);
			runOnlyForDeploymentPostprocessing = 0;
		};
		7904EDE525D76D6B0037BAE2 /* Resources */ = {
			isa = PBXResourcesBuildPhase;
			buildActionMask = 2147483647;
			files = (
			);
			runOnlyForDeploymentPostprocessing = 0;
		};
/* End PBXResourcesBuildPhase section */

/* Begin PBXSourcesBuildPhase section */
		7904EDC425D76D6B0037BAE2 /* Sources */ = {
			isa = PBXSourcesBuildPhase;
			buildActionMask = 2147483647;
			files = (
				7904EDCE25D76D6B0037BAE2 /* LoginVC.swift in Sources */,
				79CBEBF825E0AA340089E5CC /* SignUpVC.swift in Sources */,
				7904EDCC25D76D6B0037BAE2 /* AppDelegate.swift in Sources */,
				79CBEBFB25E0B6EC0089E5CC /* Constants.swift in Sources */,
			);
			runOnlyForDeploymentPostprocessing = 0;
		};
		7904EDD825D76D6B0037BAE2 /* Sources */ = {
			isa = PBXSourcesBuildPhase;
			buildActionMask = 2147483647;
			files = (
				7904EDE125D76D6B0037BAE2 /* DemoFeb13Tests.swift in Sources */,
			);
			runOnlyForDeploymentPostprocessing = 0;
		};
		7904EDE325D76D6B0037BAE2 /* Sources */ = {
			isa = PBXSourcesBuildPhase;
			buildActionMask = 2147483647;
			files = (
				7904EDEC25D76D6B0037BAE2 /* DemoFeb13UITests.swift in Sources */,
			);
			runOnlyForDeploymentPostprocessing = 0;
		};
/* End PBXSourcesBuildPhase section */

/* Begin PBXTargetDependency section */
		7904EDDE25D76D6B0037BAE2 /* PBXTargetDependency */ = {
			isa = PBXTargetDependency;
			target = 7904EDC725D76D6B0037BAE2 /* DemoFeb13 */;
			targetProxy = 7904EDDD25D76D6B0037BAE2 /* PBXContainerItemProxy */;
		};
		7904EDE925D76D6B0037BAE2 /* PBXTargetDependency */ = {
			isa = PBXTargetDependency;
			target = 7904EDC725D76D6B0037BAE2 /* DemoFeb13 */;
			targetProxy = 7904EDE825D76D6B0037BAE2 /* PBXContainerItemProxy */;
		};
/* End PBXTargetDependency section */

/* Begin PBXVariantGroup section */
		7904EDCF25D76D6B0037BAE2 /* Main.storyboard */ = {
			isa = PBXVariantGroup;
			children = (
				7904EDD025D76D6B0037BAE2 /* Base */,
			);
			name = Main.storyboard;
			sourceTree = "<group>";
		};
		7904EDD425D76D6B0037BAE2 /* LaunchScreen.storyboard */ = {
			isa = PBXVariantGroup;
			children = (
				7904EDD525D76D6B0037BAE2 /* Base */,
			);
			name = LaunchScreen.storyboard;
			sourceTree = "<group>";
		};
/* End PBXVariantGroup section */

/* Begin XCBuildConfiguration section */
		7904EDEE25D76D6B0037BAE2 /* Debug */ = {
			isa = XCBuildConfiguration;
			buildSettings = {
				ALWAYS_SEARCH_USER_PATHS = NO;
				CLANG_ANALYZER_NONNULL = YES;
				CLANG_ANALYZER_NUMBER_OBJECT_CONVERSION = YES_AGGRESSIVE;
				CLANG_CXX_LANGUAGE_STANDARD = "gnu++14";
				CLANG_CXX_LIBRARY = "libc++";
				CLANG_ENABLE_MODULES = YES;
				CLANG_ENABLE_OBJC_ARC = YES;
				CLANG_WARN_BLOCK_CAPTURE_AUTORELEASING = YES;
				CLANG_WARN_BOOL_CONVERSION = YES;
				CLANG_WARN_COMMA = YES;
				CLANG_WARN_CONSTANT_CONVERSION = YES;
				CLANG_WARN_DIRECT_OBJC_ISA_USAGE = YES_ERROR;
				CLANG_WARN_DOCUMENTATION_COMMENTS = YES;
				CLANG_WARN_EMPTY_BODY = YES;
				CLANG_WARN_ENUM_CONVERSION = YES;
				CLANG_WARN_INFINITE_RECURSION = YES;
				CLANG_WARN_INT_CONVERSION = YES;
				CLANG_WARN_NON_LITERAL_NULL_CONVERSION = YES;
				CLANG_WARN_OBJC_LITERAL_CONVERSION = YES;
				CLANG_WARN_OBJC_ROOT_CLASS = YES_ERROR;
				CLANG_WARN_RANGE_LOOP_ANALYSIS = YES;
				CLANG_WARN_STRICT_PROTOTYPES = YES;
				CLANG_WARN_SUSPICIOUS_MOVE = YES;
				CLANG_WARN_UNGUARDED_AVAILABILITY = YES_AGGRESSIVE;
				CLANG_WARN_UNREACHABLE_CODE = YES;
				CLANG_WARN__DUPLICATE_METHOD_MATCH = YES;
				CODE_SIGN_IDENTITY = "iPhone Developer";
				COPY_PHASE_STRIP = NO;
				DEBUG_INFORMATION_FORMAT = dwarf;
				ENABLE_STRICT_OBJC_MSGSEND = YES;
				ENABLE_TESTABILITY = YES;
				GCC_C_LANGUAGE_STANDARD = gnu11;
				GCC_DYNAMIC_NO_PIC = NO;
				GCC_NO_COMMON_BLOCKS = YES;
				GCC_OPTIMIZATION_LEVEL = 0;
				GCC_PREPROCESSOR_DEFINITIONS = (
					"DEBUG=1",
					"$(inherited)",
				);
				GCC_WARN_64_TO_32_BIT_CONVERSION = YES;
				GCC_WARN_ABOUT_RETURN_TYPE = YES_ERROR;
				GCC_WARN_UNDECLARED_SELECTOR = YES;
				GCC_WARN_UNINITIALIZED_AUTOS = YES_AGGRESSIVE;
				GCC_WARN_UNUSED_FUNCTION = YES;
				GCC_WARN_UNUSED_VARIABLE = YES;
				IPHONEOS_DEPLOYMENT_TARGET = 11.1;
				MTL_ENABLE_DEBUG_INFO = YES;
				ONLY_ACTIVE_ARCH = YES;
				SDKROOT = iphoneos;
				SWIFT_ACTIVE_COMPILATION_CONDITIONS = DEBUG;
				SWIFT_OPTIMIZATION_LEVEL = "-Onone";
			};
			name = Debug;
		};
		7904EDEF25D76D6B0037BAE2 /* Release */ = {
			isa = XCBuildConfiguration;
			buildSettings = {
				ALWAYS_SEARCH_USER_PATHS = NO;
				CLANG_ANALYZER_NONNULL = YES;
				CLANG_ANALYZER_NUMBER_OBJECT_CONVERSION = YES_AGGRESSIVE;
				CLANG_CXX_LANGUAGE_STANDARD = "gnu++14";
				CLANG_CXX_LIBRARY = "libc++";
				CLANG_ENABLE_MODULES = YES;
				CLANG_ENABLE_OBJC_ARC = YES;
				CLANG_WARN_BLOCK_CAPTURE_AUTORELEASING = YES;
				CLANG_WARN_BOOL_CONVERSION = YES;
				CLANG_WARN_COMMA = YES;
				CLANG_WARN_CONSTANT_CONVERSION = YES;
				CLANG_WARN_DIRECT_OBJC_ISA_USAGE = YES_ERROR;
				CLANG_WARN_DOCUMENTATION_COMMENTS = YES;
				CLANG_WARN_EMPTY_BODY = YES;
				CLANG_WARN_ENUM_CONVERSION = YES;
				CLANG_WARN_INFINITE_RECURSION = YES;
				CLANG_WARN_INT_CONVERSION = YES;
				CLANG_WARN_NON_LITERAL_NULL_CONVERSION = YES;
				CLANG_WARN_OBJC_LITERAL_CONVERSION = YES;
				CLANG_WARN_OBJC_ROOT_CLASS = YES_ERROR;
				CLANG_WARN_RANGE_LOOP_ANALYSIS = YES;
				CLANG_WARN_STRICT_PROTOTYPES = YES;
				CLANG_WARN_SUSPICIOUS_MOVE = YES;
				CLANG_WARN_UNGUARDED_AVAILABILITY = YES_AGGRESSIVE;
				CLANG_WARN_UNREACHABLE_CODE = YES;
				CLANG_WARN__DUPLICATE_METHOD_MATCH = YES;
				CODE_SIGN_IDENTITY = "iPhone Developer";
				COPY_PHASE_STRIP = NO;
				DEBUG_INFORMATION_FORMAT = "dwarf-with-dsym";
				ENABLE_NS_ASSERTIONS = NO;
				ENABLE_STRICT_OBJC_MSGSEND = YES;
				GCC_C_LANGUAGE_STANDARD = gnu11;
				GCC_NO_COMMON_BLOCKS = YES;
				GCC_WARN_64_TO_32_BIT_CONVERSION = YES;
				GCC_WARN_ABOUT_RETURN_TYPE = YES_ERROR;
				GCC_WARN_UNDECLARED_SELECTOR = YES;
				GCC_WARN_UNINITIALIZED_AUTOS = YES_AGGRESSIVE;
				GCC_WARN_UNUSED_FUNCTION = YES;
				GCC_WARN_UNUSED_VARIABLE = YES;
				IPHONEOS_DEPLOYMENT_TARGET = 11.1;
				MTL_ENABLE_DEBUG_INFO = NO;
				SDKROOT = iphoneos;
				SWIFT_OPTIMIZATION_LEVEL = "-Owholemodule";
				VALIDATE_PRODUCT = YES;
			};
			name = Release;
		};
		7904EDF125D76D6B0037BAE2 /* Debug */ = {
			isa = XCBuildConfiguration;
			buildSettings = {
				ASSETCATALOG_COMPILER_APPICON_NAME = AppIcon;
				CODE_SIGN_STYLE = Automatic;
				INFOPLIST_FILE = DemoFeb13/Info.plist;
				LD_RUNPATH_SEARCH_PATHS = "$(inherited) @executable_path/Frameworks";
				PRODUCT_BUNDLE_IDENTIFIER = com.subin.ios.DemoFeb13;
				PRODUCT_NAME = "$(TARGET_NAME)";
				SWIFT_VERSION = 4.0;
				TARGETED_DEVICE_FAMILY = "1,2";
			};
			name = Debug;
		};
		7904EDF225D76D6B0037BAE2 /* Release */ = {
			isa = XCBuildConfiguration;
			buildSettings = {
				ASSETCATALOG_COMPILER_APPICON_NAME = AppIcon;
				CODE_SIGN_STYLE = Automatic;
				INFOPLIST_FILE = DemoFeb13/Info.plist;
				LD_RUNPATH_SEARCH_PATHS = "$(inherited) @executable_path/Frameworks";
				PRODUCT_BUNDLE_IDENTIFIER = com.subin.ios.DemoFeb13;
				PRODUCT_NAME = "$(TARGET_NAME)";
				SWIFT_VERSION = 4.0;
				TARGETED_DEVICE_FAMILY = "1,2";
			};
			name = Release;
		};
		7904EDF425D76D6B0037BAE2 /* Debug */ = {
			isa = XCBuildConfiguration;
			buildSettings = {
				ALWAYS_EMBED_SWIFT_STANDARD_LIBRARIES = YES;
				BUNDLE_LOADER = "$(TEST_HOST)";
				CODE_SIGN_STYLE = Automatic;
				INFOPLIST_FILE = DemoFeb13Tests/Info.plist;
				LD_RUNPATH_SEARCH_PATHS = "$(inherited) @executable_path/Frameworks @loader_path/Frameworks";
				PRODUCT_BUNDLE_IDENTIFIER = com.subin.ios.DemoFeb13Tests;
				PRODUCT_NAME = "$(TARGET_NAME)";
				SWIFT_VERSION = 4.0;
				TARGETED_DEVICE_FAMILY = "1,2";
				TEST_HOST = "$(BUILT_PRODUCTS_DIR)/DemoFeb13.app/DemoFeb13";
			};
			name = Debug;
		};
		7904EDF525D76D6B0037BAE2 /* Release */ = {
			isa = XCBuildConfiguration;
			buildSettings = {
				ALWAYS_EMBED_SWIFT_STANDARD_LIBRARIES = YES;
				BUNDLE_LOADER = "$(TEST_HOST)";
				CODE_SIGN_STYLE = Automatic;
				INFOPLIST_FILE = DemoFeb13Tests/Info.plist;
				LD_RUNPATH_SEARCH_PATHS = "$(inherited) @executable_path/Frameworks @loader_path/Frameworks";
				PRODUCT_BUNDLE_IDENTIFIER = com.subin.ios.DemoFeb13Tests;
				PRODUCT_NAME = "$(TARGET_NAME)";
				SWIFT_VERSION = 4.0;
				TARGETED_DEVICE_FAMILY = "1,2";
				TEST_HOST = "$(BUILT_PRODUCTS_DIR)/DemoFeb13.app/DemoFeb13";
			};
			name = Release;
		};
		7904EDF725D76D6B0037BAE2 /* Debug */ = {
			isa = XCBuildConfiguration;
			buildSettings = {
				ALWAYS_EMBED_SWIFT_STANDARD_LIBRARIES = YES;
				CODE_SIGN_STYLE = Automatic;
				INFOPLIST_FILE = DemoFeb13UITests/Info.plist;
				LD_RUNPATH_SEARCH_PATHS = "$(inherited) @executable_path/Frameworks @loader_path/Frameworks";
				PRODUCT_BUNDLE_IDENTIFIER = com.subin.ios.DemoFeb13UITests;
				PRODUCT_NAME = "$(TARGET_NAME)";
				SWIFT_VERSION = 4.0;
				TARGETED_DEVICE_FAMILY = "1,2";
				TEST_TARGET_NAME = DemoFeb13;
			};
			name = Debug;
		};
		7904EDF825D76D6B0037BAE2 /* Release */ = {
			isa = XCBuildConfiguration;
			buildSettings = {
				ALWAYS_EMBED_SWIFT_STANDARD_LIBRARIES = YES;
				CODE_SIGN_STYLE = Automatic;
				INFOPLIST_FILE = DemoFeb13UITests/Info.plist;
				LD_RUNPATH_SEARCH_PATHS = "$(inherited) @executable_path/Frameworks @loader_path/Frameworks";
				PRODUCT_BUNDLE_IDENTIFIER = com.subin.ios.DemoFeb13UITests;
				PRODUCT_NAME = "$(TARGET_NAME)";
				SWIFT_VERSION = 4.0;
				TARGETED_DEVICE_FAMILY = "1,2";
				TEST_TARGET_NAME = DemoFeb13;
			};
			name = Release;
		};
/* End XCBuildConfiguration section */

/* Begin XCConfigurationList section */
		7904EDC325D76D6B0037BAE2 /* Build configuration list for PBXProject "DemoFeb13" */ = {
			isa = XCConfigurationList;
			buildConfigurations = (
				7904EDEE25D76D6B0037BAE2 /* Debug */,
				7904EDEF25D76D6B0037BAE2 /* Release */,
			);
			defaultConfigurationIsVisible = 0;
			defaultConfigurationName = Release;
		};
		7904EDF025D76D6B0037BAE2 /* Build configuration list for PBXNativeTarget "DemoFeb13" */ = {
			isa = XCConfigurationList;
			buildConfigurations = (
				7904EDF125D76D6B0037BAE2 /* Debug */,
				7904EDF225D76D6B0037BAE2 /* Release */,
			);
			defaultConfigurationIsVisible = 0;
			defaultConfigurationName = Release;
		};
		7904EDF325D76D6B0037BAE2 /* Build configuration list for PBXNativeTarget "DemoFeb13Tests" */ = {
			isa = XCConfigurationList;
			buildConfigurations = (
				7904EDF425D76D6B0037BAE2 /* Debug */,
				7904EDF525D76D6B0037BAE2 /* Release */,
			);
			defaultConfigurationIsVisible = 0;
			defaultConfigurationName = Release;
		};
		7904EDF625D76D6B0037BAE2 /* Build configuration list for PBXNativeTarget "DemoFeb13UITests" */ = {
			isa = XCConfigurationList;
			buildConfigurations = (
				7904EDF725D76D6B0037BAE2 /* Debug */,
				7904EDF825D76D6B0037BAE2 /* Release */,
			);
			defaultConfigurationIsVisible = 0;
			defaultConfigurationName = Release;
		};
/* End XCConfigurationList section */
	};
	rootObject = 7904EDC025D76D6B0037BAE2 /* Project object */;
}
